
Microsoft Visual Studio Solution File, Format Version 12.00
# Visual Studio Version 17
VisualStudioVersion = 17.5.33530.505
MinimumVisualStudioVersion = 10.0.40219.1
Project("{FAE04EC0-301F-11D3-BF4B-00C04F79EFBC}") = "ClientList", "ClientList\ClientList.csproj", "{53BF1E09-FD7B-4C8A-947B-4BC462709163}"
EndProject
Global
	GlobalSection(SolutionConfigurationPlatforms) = preSolution
		Debug|Any CPU = Debug|Any CPU
		Release|Any CPU = Release|Any CPU
	EndGlobalSection
	GlobalSection(ProjectConfigurationPlatforms) = postSolution
		{53BF1E09-FD7B-4C8A-947B-4BC462709163}.Debug|Any CPU.ActiveCfg = Debug|Any CPU
		{53BF1E09-FD7B-4C8A-947B-4BC462709163}.Debug|Any CPU.Build.0 = Debug|Any CPU
		{53BF1E09-FD7B-4C8A-947B-4BC462709163}.Release|Any CPU.ActiveCfg = Release|Any CPU
		{53BF1E09-FD7B-4C8A-947B-4BC462709163}.Release|Any CPU.Build.0 = Release|Any CPU
	EndGlobalSection
	GlobalSection(SolutionProperties) = preSolution
		HideSolutionNode = FALSE
	EndGlobalSection
	GlobalSection(ExtensibilityGlobals) = postSolution
		SolutionGuid = {4A65A89B-77A1-405D-99E2-AFA710FAB24E}
	EndGlobalSection
EndGlobal
